
Microsoft Visual Studio Solution File, Format Version 11.00
# Visual Studio 2010
Project("{FAE04EC0-301F-11D3-BF4B-00C04F79EFBC}") = "AutoMagazineUpdatePatch", "AutoMagazineUpdatePatch.csproj", "{ED435659-E09B-4E5C-9E26-1672878D5083}"
EndProject
Global
	GlobalSection(SolutionConfigurationPlatforms) = preSolution
		Debug|Any CPU = Debug|Any CPU
		Release|Any CPU = Release|Any CPU
	EndGlobalSection
	GlobalSection(ProjectConfigurationPlatforms) = postSolution
		{ED435659-E09B-4E5C-9E26-1672878D5083}.Debug|Any CPU.ActiveCfg = Debug|Any CPU
		{ED435659-E09B-4E5C-9E26-1672878D5083}.Debug|Any CPU.Build.0 = Debug|Any CPU
		{ED435659-E09B-4E5C-9E26-1672878D5083}.Release|Any CPU.ActiveCfg = Release|Any CPU
		{ED435659-E09B-4E5C-9E26-1672878D5083}.Release|Any CPU.Build.0 = Release|Any CPU
	EndGlobalSection
	GlobalSection(SolutionProperties) = preSolution
		HideSolutionNode = FALSE
	EndGlobalSection
EndGlobal
